
Microsoft Visual Studio Solution File, Format Version 12.00
# Visual Studio Version 16
VisualStudioVersion = 16.0.28714.193
MinimumVisualStudioVersion = 10.0.40219.1
Project("{FAE04EC0-301F-11D3-BF4B-00C04F79EFBC}") = "exportToXLS", "exportToXLS\exportToXLS.csproj", "{8461C155-2DC8-4F84-AE48-CBF9A54302ED}"
EndProject
Global
	GlobalSection(SolutionConfigurationPlatforms) = preSolution
		Debug|Any CPU = Debug|Any CPU
		Release|Any CPU = Release|Any CPU
	EndGlobalSection
	GlobalSection(ProjectConfigurationPlatforms) = postSolution
		{8461C155-2DC8-4F84-AE48-CBF9A54302ED}.Debug|Any CPU.ActiveCfg = Debug|Any CPU
		{8461C155-2DC8-4F84-AE48-CBF9A54302ED}.Debug|Any CPU.Build.0 = Debug|Any CPU
		{8461C155-2DC8-4F84-AE48-CBF9A54302ED}.Release|Any CPU.ActiveCfg = Release|Any CPU
		{8461C155-2DC8-4F84-AE48-CBF9A54302ED}.Release|Any CPU.Build.0 = Release|Any CPU
	EndGlobalSection
	GlobalSection(SolutionProperties) = preSolution
		HideSolutionNode = FALSE
	EndGlobalSection
	GlobalSection(ExtensibilityGlobals) = postSolution
		SolutionGuid = {59599628-4DEA-48A2-A24F-E4B923988CAF}
	EndGlobalSection
EndGlobal
